
Microsoft Visual Studio Solution File, Format Version 12.00
# Visual Studio Version 17
VisualStudioVersion = 17.11.35312.102
MinimumVisualStudioVersion = 10.0.40219.1
Project("{FAE04EC0-301F-11D3-BF4B-00C04F79EFBC}") = "ConsoleApp1", "ConsoleApp1\ConsoleApp1.csproj", "{14278533-30F1-416D-B37A-063203B46387}"
EndProject
Project("{FAE04EC0-301F-11D3-BF4B-00C04F79EFBC}") = "ConsoleApp2", "ConsoleApp2\ConsoleApp2.csproj", "{FCDD7AC2-B91C-4B55-A036-2169CE36F9B8}"
EndProject
Project("{FAE04EC0-301F-11D3-BF4B-00C04F79EFBC}") = "MEFInterfaces", "MEFInterfaces\MEFInterfaces.csproj", "{F2ED9C78-E8E0-4292-8BC1-CC3A06D980C2}"
EndProject
Project("{FAE04EC0-301F-11D3-BF4B-00C04F79EFBC}") = "ProductOperation", "ProductOperation\ProductOperation.csproj", "{994CB4C0-9B3C-4A80-9A51-7275A8969AEF}"
EndProject
Global
	GlobalSection(SolutionConfigurationPlatforms) = preSolution
		Debug|Any CPU = Debug|Any CPU
		Release|Any CPU = Release|Any CPU
	EndGlobalSection
	GlobalSection(ProjectConfigurationPlatforms) = postSolution
		{14278533-30F1-416D-B37A-063203B46387}.Debug|Any CPU.ActiveCfg = Debug|Any CPU
		{14278533-30F1-416D-B37A-063203B46387}.Debug|Any CPU.Build.0 = Debug|Any CPU
		{14278533-30F1-416D-B37A-063203B46387}.Release|Any CPU.ActiveCfg = Release|Any CPU
		{14278533-30F1-416D-B37A-063203B46387}.Release|Any CPU.Build.0 = Release|Any CPU
		{FCDD7AC2-B91C-4B55-A036-2169CE36F9B8}.Debug|Any CPU.ActiveCfg = Debug|Any CPU
		{FCDD7AC2-B91C-4B55-A036-2169CE36F9B8}.Debug|Any CPU.Build.0 = Debug|Any CPU
		{FCDD7AC2-B91C-4B55-A036-2169CE36F9B8}.Release|Any CPU.ActiveCfg = Release|Any CPU
		{FCDD7AC2-B91C-4B55-A036-2169CE36F9B8}.Release|Any CPU.Build.0 = Release|Any CPU
		{F2ED9C78-E8E0-4292-8BC1-CC3A06D980C2}.Debug|Any CPU.ActiveCfg = Debug|Any CPU
		{F2ED9C78-E8E0-4292-8BC1-CC3A06D980C2}.Debug|Any CPU.Build.0 = Debug|Any CPU
		{F2ED9C78-E8E0-4292-8BC1-CC3A06D980C2}.Release|Any CPU.ActiveCfg = Release|Any CPU
		{F2ED9C78-E8E0-4292-8BC1-CC3A06D980C2}.Release|Any CPU.Build.0 = Release|Any CPU
		{994CB4C0-9B3C-4A80-9A51-7275A8969AEF}.Debug|Any CPU.ActiveCfg = Debug|Any CPU
		{994CB4C0-9B3C-4A80-9A51-7275A8969AEF}.Debug|Any CPU.Build.0 = Debug|Any CPU
		{994CB4C0-9B3C-4A80-9A51-7275A8969AEF}.Release|Any CPU.ActiveCfg = Release|Any CPU
		{994CB4C0-9B3C-4A80-9A51-7275A8969AEF}.Release|Any CPU.Build.0 = Release|Any CPU
	EndGlobalSection
	GlobalSection(SolutionProperties) = preSolution
		HideSolutionNode = FALSE
	EndGlobalSection
	GlobalSection(ExtensibilityGlobals) = postSolution
		SolutionGuid = {A5DF6B58-BF03-4E72-95EB-8D60E8352FCC}
	EndGlobalSection
EndGlobal
